
Microsoft Visual Studio Solution File, Format Version 12.00
# Visual Studio 15
VisualStudioVersion = 15.0.28010.2048
MinimumVisualStudioVersion = 10.0.40219.1
Project("{FAE04EC0-301F-11D3-BF4B-00C04F79EFBC}") = "Home", "Home\Home.csproj", "{5F0ED318-BED1-4157-90F4-7C822CE2590C}"
EndProject
Global
	GlobalSection(SolutionConfigurationPlatforms) = preSolution
		Debug|Any CPU = Debug|Any CPU
		Release|Any CPU = Release|Any CPU
	EndGlobalSection
	GlobalSection(ProjectConfigurationPlatforms) = postSolution
		{5F0ED318-BED1-4157-90F4-7C822CE2590C}.Debug|Any CPU.ActiveCfg = Debug|Any CPU
		{5F0ED318-BED1-4157-90F4-7C822CE2590C}.Debug|Any CPU.Build.0 = Debug|Any CPU
		{5F0ED318-BED1-4157-90F4-7C822CE2590C}.Release|Any CPU.ActiveCfg = Release|Any CPU
		{5F0ED318-BED1-4157-90F4-7C822CE2590C}.Release|Any CPU.Build.0 = Release|Any CPU
	EndGlobalSection
	GlobalSection(SolutionProperties) = preSolution
		HideSolutionNode = FALSE
	EndGlobalSection
	GlobalSection(ExtensibilityGlobals) = postSolution
		SolutionGuid = {C88B58AB-64F7-443C-8C1C-3EB777845C57}
	EndGlobalSection
EndGlobal
